
Microsoft Visual Studio Solution File, Format Version 12.00
# Visual Studio Version 17
VisualStudioVersion = 17.5.002.0
MinimumVisualStudioVersion = 10.0.40219.1
Project("{9A19103F-16F7-4668-BE54-9A1E7A4F7556}") = "WebApplication1", "WebApplication1.csproj", "{A7F9D06E-CC29-430E-82F0-2EFB27CC24A1}"
EndProject
Global
	GlobalSection(SolutionConfigurationPlatforms) = preSolution
		Debug|Any CPU = Debug|Any CPU
		Release|Any CPU = Release|Any CPU
	EndGlobalSection
	GlobalSection(ProjectConfigurationPlatforms) = postSolution
		{A7F9D06E-CC29-430E-82F0-2EFB27CC24A1}.Debug|Any CPU.ActiveCfg = Debug|Any CPU
		{A7F9D06E-CC29-430E-82F0-2EFB27CC24A1}.Debug|Any CPU.Build.0 = Debug|Any CPU
		{A7F9D06E-CC29-430E-82F0-2EFB27CC24A1}.Release|Any CPU.ActiveCfg = Release|Any CPU
		{A7F9D06E-CC29-430E-82F0-2EFB27CC24A1}.Release|Any CPU.Build.0 = Release|Any CPU
	EndGlobalSection
	GlobalSection(SolutionProperties) = preSolution
		HideSolutionNode = FALSE
	EndGlobalSection
	GlobalSection(ExtensibilityGlobals) = postSolution
		SolutionGuid = {5B006139-85BB-4399-85D5-C2875CCDBD26}
	EndGlobalSection
EndGlobal
